
Microsoft Visual Studio Solution File, Format Version 12.00
# Visual Studio Version 17
VisualStudioVersion = 17.7.34202.233
MinimumVisualStudioVersion = 10.0.40219.1
Project("{FAE04EC0-301F-11D3-BF4B-00C04F79EFBC}") = "PINLab5", "PINLab5\PINLab5.csproj", "{9F7B2856-2C84-4B1B-8A39-ECBF179D0546}"
EndProject
Global
	GlobalSection(SolutionConfigurationPlatforms) = preSolution
		Debug|Any CPU = Debug|Any CPU
		Release|Any CPU = Release|Any CPU
	EndGlobalSection
	GlobalSection(ProjectConfigurationPlatforms) = postSolution
		{9F7B2856-2C84-4B1B-8A39-ECBF179D0546}.Debug|Any CPU.ActiveCfg = Debug|Any CPU
		{9F7B2856-2C84-4B1B-8A39-ECBF179D0546}.Debug|Any CPU.Build.0 = Debug|Any CPU
		{9F7B2856-2C84-4B1B-8A39-ECBF179D0546}.Release|Any CPU.ActiveCfg = Release|Any CPU
		{9F7B2856-2C84-4B1B-8A39-ECBF179D0546}.Release|Any CPU.Build.0 = Release|Any CPU
	EndGlobalSection
	GlobalSection(SolutionProperties) = preSolution
		HideSolutionNode = FALSE
	EndGlobalSection
	GlobalSection(ExtensibilityGlobals) = postSolution
		SolutionGuid = {F1E104F7-6B8E-4FED-9BCB-C6CD6178167A}
	EndGlobalSection
EndGlobal
